
Microsoft Visual Studio Solution File, Format Version 12.00
# Visual Studio Version 17
VisualStudioVersion = 17.6.33815.320
MinimumVisualStudioVersion = 10.0.40219.1
Project("{FAE04EC0-301F-11D3-BF4B-00C04F79EFBC}") = "DogApp", "DogApp\DogApp.csproj", "{195C2A29-9016-41D6-ADE0-3DB1EB06730B}"
EndProject
Project("{9A19103F-16F7-4668-BE54-9A1E7A4F7556}") = "DogApp.Tests", "DogApp.Tests\DogApp.Tests.csproj", "{F90F285E-FBD2-466F-AA78-2D5F9379992B}"
EndProject
Global
	GlobalSection(SolutionConfigurationPlatforms) = preSolution
		Debug|Any CPU = Debug|Any CPU
		Release|Any CPU = Release|Any CPU
	EndGlobalSection
	GlobalSection(ProjectConfigurationPlatforms) = postSolution
		{195C2A29-9016-41D6-ADE0-3DB1EB06730B}.Debug|Any CPU.ActiveCfg = Debug|Any CPU
		{195C2A29-9016-41D6-ADE0-3DB1EB06730B}.Debug|Any CPU.Build.0 = Debug|Any CPU
		{195C2A29-9016-41D6-ADE0-3DB1EB06730B}.Release|Any CPU.ActiveCfg = Release|Any CPU
		{195C2A29-9016-41D6-ADE0-3DB1EB06730B}.Release|Any CPU.Build.0 = Release|Any CPU
		{F90F285E-FBD2-466F-AA78-2D5F9379992B}.Debug|Any CPU.ActiveCfg = Debug|Any CPU
		{F90F285E-FBD2-466F-AA78-2D5F9379992B}.Debug|Any CPU.Build.0 = Debug|Any CPU
		{F90F285E-FBD2-466F-AA78-2D5F9379992B}.Release|Any CPU.ActiveCfg = Release|Any CPU
		{F90F285E-FBD2-466F-AA78-2D5F9379992B}.Release|Any CPU.Build.0 = Release|Any CPU
	EndGlobalSection
	GlobalSection(SolutionProperties) = preSolution
		HideSolutionNode = FALSE
	EndGlobalSection
	GlobalSection(ExtensibilityGlobals) = postSolution
		SolutionGuid = {A5878D66-B9F3-4A95-A1DF-E90B23464D1D}
	EndGlobalSection
EndGlobal
